
Microsoft Visual Studio Solution File, Format Version 12.00
# Visual Studio Version 17
VisualStudioVersion = 17.11.35312.102
MinimumVisualStudioVersion = 10.0.40219.1
Project("{2150E333-8FDC-42A3-9474-1A3956D46DE8}") = "FrontEnd", "FrontEnd", "{D83EC2F1-1010-4323-B623-7DFBDF5DB8D5}"
EndProject
Project("{2150E333-8FDC-42A3-9474-1A3956D46DE8}") = "Gateway", "Gateway", "{173CC0A1-CB83-43E7-B1CF-CBF89751D642}"
EndProject
Project("{2150E333-8FDC-42A3-9474-1A3956D46DE8}") = "Integration", "Integration", "{6CC7DD3F-2E34-4C0D-A6CA-FF17A3A1C729}"
EndProject
Project("{2150E333-8FDC-42A3-9474-1A3956D46DE8}") = "Services", "Services", "{4FE59CB0-1076-455D-9A01-52F513B9FD1C}"
EndProject
Project("{9A19103F-16F7-4668-BE54-9A1E7A4F7556}") = "Mango.Services.CouponAPI", "Mango.Services.CouponAPI\Mango.Services.CouponAPI.csproj", "{F97F443D-3F93-466A-B5D3-B2FDBE2AE49E}"
EndProject
Project("{9A19103F-16F7-4668-BE54-9A1E7A4F7556}") = "Mango.Web", "Mango.Web\Mango.Web.csproj", "{47910409-AC7B-4524-B72E-25C7F6C3A3A5}"
EndProject
Project("{9A19103F-16F7-4668-BE54-9A1E7A4F7556}") = "Mango.Services.AuthAPI", "Mango.Services.AuthAPI\Mango.Services.AuthAPI.csproj", "{DBC305C7-1F33-4DC0-9A3F-2FB5D06C5F2E}"
EndProject
Project("{9A19103F-16F7-4668-BE54-9A1E7A4F7556}") = "Mango.Services.ProductAPI", "Mango.Services.ProductAPI\Mango.Services.ProductAPI.csproj", "{68A115D1-A2ED-4C03-98F8-79A8E1B7613A}"
EndProject
Project("{9A19103F-16F7-4668-BE54-9A1E7A4F7556}") = "Mango.Services.ShoppingCartAPI", "Mango.Services.ShoppingCartAPI\Mango.Services.ShoppingCartAPI.csproj", "{B0C3DDFB-C2F2-4AFB-B319-720EA62BE4FA}"
EndProject
Project("{9A19103F-16F7-4668-BE54-9A1E7A4F7556}") = "Mango.MessageBus", "Mango.MessageBus\Mango.MessageBus.csproj", "{44EFCAD8-CA07-4CC4-9BDC-779A55836B4B}"
EndProject
Project("{9A19103F-16F7-4668-BE54-9A1E7A4F7556}") = "Mango.Services.EmailAPI", "Mango.Services.EmailAPI\Mango.Services.EmailAPI.csproj", "{5A449738-0111-45BE-BF98-9FBD958E4481}"
EndProject
Project("{FAE04EC0-301F-11D3-BF4B-00C04F79EFBC}") = "Mango.Services.OrderAPI", "Mango.Services.OrderAPI\Mango.Services.OrderAPI.csproj", "{6D93A24C-2BB5-4143-8693-71A68D24CECD}"
EndProject
Global
	GlobalSection(SolutionConfigurationPlatforms) = preSolution
		Debug|Any CPU = Debug|Any CPU
		Release|Any CPU = Release|Any CPU
	EndGlobalSection
	GlobalSection(ProjectConfigurationPlatforms) = postSolution
		{F97F443D-3F93-466A-B5D3-B2FDBE2AE49E}.Debug|Any CPU.ActiveCfg = Debug|Any CPU
		{F97F443D-3F93-466A-B5D3-B2FDBE2AE49E}.Debug|Any CPU.Build.0 = Debug|Any CPU
		{F97F443D-3F93-466A-B5D3-B2FDBE2AE49E}.Release|Any CPU.ActiveCfg = Release|Any CPU
		{F97F443D-3F93-466A-B5D3-B2FDBE2AE49E}.Release|Any CPU.Build.0 = Release|Any CPU
		{47910409-AC7B-4524-B72E-25C7F6C3A3A5}.Debug|Any CPU.ActiveCfg = Debug|Any CPU
		{47910409-AC7B-4524-B72E-25C7F6C3A3A5}.Debug|Any CPU.Build.0 = Debug|Any CPU
		{47910409-AC7B-4524-B72E-25C7F6C3A3A5}.Release|Any CPU.ActiveCfg = Release|Any CPU
		{47910409-AC7B-4524-B72E-25C7F6C3A3A5}.Release|Any CPU.Build.0 = Release|Any CPU
		{DBC305C7-1F33-4DC0-9A3F-2FB5D06C5F2E}.Debug|Any CPU.ActiveCfg = Debug|Any CPU
		{DBC305C7-1F33-4DC0-9A3F-2FB5D06C5F2E}.Debug|Any CPU.Build.0 = Debug|Any CPU
		{DBC305C7-1F33-4DC0-9A3F-2FB5D06C5F2E}.Release|Any CPU.ActiveCfg = Release|Any CPU
		{DBC305C7-1F33-4DC0-9A3F-2FB5D06C5F2E}.Release|Any CPU.Build.0 = Release|Any CPU
		{68A115D1-A2ED-4C03-98F8-79A8E1B7613A}.Debug|Any CPU.ActiveCfg = Debug|Any CPU
		{68A115D1-A2ED-4C03-98F8-79A8E1B7613A}.Debug|Any CPU.Build.0 = Debug|Any CPU
		{68A115D1-A2ED-4C03-98F8-79A8E1B7613A}.Release|Any CPU.ActiveCfg = Release|Any CPU
		{68A115D1-A2ED-4C03-98F8-79A8E1B7613A}.Release|Any CPU.Build.0 = Release|Any CPU
		{B0C3DDFB-C2F2-4AFB-B319-720EA62BE4FA}.Debug|Any CPU.ActiveCfg = Debug|Any CPU
		{B0C3DDFB-C2F2-4AFB-B319-720EA62BE4FA}.Debug|Any CPU.Build.0 = Debug|Any CPU
		{B0C3DDFB-C2F2-4AFB-B319-720EA62BE4FA}.Release|Any CPU.ActiveCfg = Release|Any CPU
		{B0C3DDFB-C2F2-4AFB-B319-720EA62BE4FA}.Release|Any CPU.Build.0 = Release|Any CPU
		{44EFCAD8-CA07-4CC4-9BDC-779A55836B4B}.Debug|Any CPU.ActiveCfg = Debug|Any CPU
		{44EFCAD8-CA07-4CC4-9BDC-779A55836B4B}.Debug|Any CPU.Build.0 = Debug|Any CPU
		{44EFCAD8-CA07-4CC4-9BDC-779A55836B4B}.Release|Any CPU.ActiveCfg = Release|Any CPU
		{44EFCAD8-CA07-4CC4-9BDC-779A55836B4B}.Release|Any CPU.Build.0 = Release|Any CPU
		{5A449738-0111-45BE-BF98-9FBD958E4481}.Debug|Any CPU.ActiveCfg = Debug|Any CPU
		{5A449738-0111-45BE-BF98-9FBD958E4481}.Debug|Any CPU.Build.0 = Debug|Any CPU
		{5A449738-0111-45BE-BF98-9FBD958E4481}.Release|Any CPU.ActiveCfg = Release|Any CPU
		{5A449738-0111-45BE-BF98-9FBD958E4481}.Release|Any CPU.Build.0 = Release|Any CPU
		{6D93A24C-2BB5-4143-8693-71A68D24CECD}.Debug|Any CPU.ActiveCfg = Debug|Any CPU
		{6D93A24C-2BB5-4143-8693-71A68D24CECD}.Debug|Any CPU.Build.0 = Debug|Any CPU
		{6D93A24C-2BB5-4143-8693-71A68D24CECD}.Release|Any CPU.ActiveCfg = Release|Any CPU
		{6D93A24C-2BB5-4143-8693-71A68D24CECD}.Release|Any CPU.Build.0 = Release|Any CPU
	EndGlobalSection
	GlobalSection(SolutionProperties) = preSolution
		HideSolutionNode = FALSE
	EndGlobalSection
	GlobalSection(NestedProjects) = preSolution
		{F97F443D-3F93-466A-B5D3-B2FDBE2AE49E} = {4FE59CB0-1076-455D-9A01-52F513B9FD1C}
		{47910409-AC7B-4524-B72E-25C7F6C3A3A5} = {D83EC2F1-1010-4323-B623-7DFBDF5DB8D5}
		{DBC305C7-1F33-4DC0-9A3F-2FB5D06C5F2E} = {4FE59CB0-1076-455D-9A01-52F513B9FD1C}
		{68A115D1-A2ED-4C03-98F8-79A8E1B7613A} = {4FE59CB0-1076-455D-9A01-52F513B9FD1C}
		{B0C3DDFB-C2F2-4AFB-B319-720EA62BE4FA} = {4FE59CB0-1076-455D-9A01-52F513B9FD1C}
		{44EFCAD8-CA07-4CC4-9BDC-779A55836B4B} = {6CC7DD3F-2E34-4C0D-A6CA-FF17A3A1C729}
		{5A449738-0111-45BE-BF98-9FBD958E4481} = {4FE59CB0-1076-455D-9A01-52F513B9FD1C}
		{6D93A24C-2BB5-4143-8693-71A68D24CECD} = {4FE59CB0-1076-455D-9A01-52F513B9FD1C}
	EndGlobalSection
	GlobalSection(ExtensibilityGlobals) = postSolution
		SolutionGuid = {E149B654-60A8-4C99-9953-6B0EB2493DA8}
	EndGlobalSection
EndGlobal
